
Microsoft Visual Studio Solution File, Format Version 12.00
# Visual Studio 15
VisualStudioVersion = 15.0.27428.2002
MinimumVisualStudioVersion = 10.0.40219.1
Project("{FAE04EC0-301F-11D3-BF4B-00C04F79EFBC}") = "Assignmet1", "Assignmet1\Assignmet1.csproj", "{C0AE76B7-5B9B-4CF8-9DF4-F9FE23A87431}"
EndProject
Global
	GlobalSection(SolutionConfigurationPlatforms) = preSolution
		Debug|Any CPU = Debug|Any CPU
		Release|Any CPU = Release|Any CPU
	EndGlobalSection
	GlobalSection(ProjectConfigurationPlatforms) = postSolution
		{C0AE76B7-5B9B-4CF8-9DF4-F9FE23A87431}.Debug|Any CPU.ActiveCfg = Debug|Any CPU
		{C0AE76B7-5B9B-4CF8-9DF4-F9FE23A87431}.Debug|Any CPU.Build.0 = Debug|Any CPU
		{C0AE76B7-5B9B-4CF8-9DF4-F9FE23A87431}.Release|Any CPU.ActiveCfg = Release|Any CPU
		{C0AE76B7-5B9B-4CF8-9DF4-F9FE23A87431}.Release|Any CPU.Build.0 = Release|Any CPU
	EndGlobalSection
	GlobalSection(SolutionProperties) = preSolution
		HideSolutionNode = FALSE
	EndGlobalSection
	GlobalSection(ExtensibilityGlobals) = postSolution
		SolutionGuid = {7BB09722-3D9E-4A20-B1D5-FD6A541183E3}
	EndGlobalSection
EndGlobal
